
Microsoft Visual Studio Solution File, Format Version 12.00
# Visual Studio 15
Project("{FAE04EC0-301F-11D3-BF4B-00C04F79EFBC}") = "CFXREditor", "CFXREditor.csproj", "{81A9F3EF-65E5-582D-7336-E660338C3662}"
EndProject
Project("{FAE04EC0-301F-11D3-BF4B-00C04F79EFBC}") = "Assembly-CSharp", "Assembly-CSharp.csproj", "{10203489-D958-CCEE-2BCA-F004AACC1BEB}"
EndProject
Project("{FAE04EC0-301F-11D3-BF4B-00C04F79EFBC}") = "CFXRRuntime", "CFXRRuntime.csproj", "{551AE98B-A90D-0333-DDCD-7974F1EEE769}"
EndProject
Project("{FAE04EC0-301F-11D3-BF4B-00C04F79EFBC}") = "CFXR.WelcomeScreen", "CFXR.WelcomeScreen.csproj", "{0D23D3FE-99E0-E89B-5733-3684965E0553}"
EndProject
Project("{FAE04EC0-301F-11D3-BF4B-00C04F79EFBC}") = "Assembly-CSharp-Editor", "Assembly-CSharp-Editor.csproj", "{F679A352-C653-C2CB-EDB7-698C82943899}"
EndProject
Project("{FAE04EC0-301F-11D3-BF4B-00C04F79EFBC}") = "CFXRDemo", "CFXRDemo.csproj", "{F9C8EAF7-37EF-727C-AAA7-910948FFA18B}"
EndProject
Project("{FAE04EC0-301F-11D3-BF4B-00C04F79EFBC}") = "ToonyColorsPro.Demo.Editor", "ToonyColorsPro.Demo.Editor.csproj", "{DA3C2EE7-9734-9521-2BB5-3164BAD36639}"
EndProject
Project("{FAE04EC0-301F-11D3-BF4B-00C04F79EFBC}") = "KinoBloom.Runtime", "KinoBloom.Runtime.csproj", "{A9469060-3766-856A-151F-7729D072E028}"
EndProject
Global
	GlobalSection(SolutionConfigurationPlatforms) = preSolution
		Debug|Any CPU = Debug|Any CPU
		Release|Any CPU = Release|Any CPU
	EndGlobalSection
	GlobalSection(ProjectConfigurationPlatforms) = postSolution
		{81A9F3EF-65E5-582D-7336-E660338C3662}.Debug|Any CPU.ActiveCfg = Debug|Any CPU
		{81A9F3EF-65E5-582D-7336-E660338C3662}.Debug|Any CPU.Build.0 = Debug|Any CPU
		{81A9F3EF-65E5-582D-7336-E660338C3662}.Release|Any CPU.ActiveCfg = Release|Any CPU
		{81A9F3EF-65E5-582D-7336-E660338C3662}.Release|Any CPU.Build.0 = Release|Any CPU
		{10203489-D958-CCEE-2BCA-F004AACC1BEB}.Debug|Any CPU.ActiveCfg = Debug|Any CPU
		{10203489-D958-CCEE-2BCA-F004AACC1BEB}.Debug|Any CPU.Build.0 = Debug|Any CPU
		{10203489-D958-CCEE-2BCA-F004AACC1BEB}.Release|Any CPU.ActiveCfg = Release|Any CPU
		{10203489-D958-CCEE-2BCA-F004AACC1BEB}.Release|Any CPU.Build.0 = Release|Any CPU
		{551AE98B-A90D-0333-DDCD-7974F1EEE769}.Debug|Any CPU.ActiveCfg = Debug|Any CPU
		{551AE98B-A90D-0333-DDCD-7974F1EEE769}.Debug|Any CPU.Build.0 = Debug|Any CPU
		{551AE98B-A90D-0333-DDCD-7974F1EEE769}.Release|Any CPU.ActiveCfg = Release|Any CPU
		{551AE98B-A90D-0333-DDCD-7974F1EEE769}.Release|Any CPU.Build.0 = Release|Any CPU
		{0D23D3FE-99E0-E89B-5733-3684965E0553}.Debug|Any CPU.ActiveCfg = Debug|Any CPU
		{0D23D3FE-99E0-E89B-5733-3684965E0553}.Debug|Any CPU.Build.0 = Debug|Any CPU
		{0D23D3FE-99E0-E89B-5733-3684965E0553}.Release|Any CPU.ActiveCfg = Release|Any CPU
		{0D23D3FE-99E0-E89B-5733-3684965E0553}.Release|Any CPU.Build.0 = Release|Any CPU
		{F679A352-C653-C2CB-EDB7-698C82943899}.Debug|Any CPU.ActiveCfg = Debug|Any CPU
		{F679A352-C653-C2CB-EDB7-698C82943899}.Debug|Any CPU.Build.0 = Debug|Any CPU
		{F679A352-C653-C2CB-EDB7-698C82943899}.Release|Any CPU.ActiveCfg = Release|Any CPU
		{F679A352-C653-C2CB-EDB7-698C82943899}.Release|Any CPU.Build.0 = Release|Any CPU
		{F9C8EAF7-37EF-727C-AAA7-910948FFA18B}.Debug|Any CPU.ActiveCfg = Debug|Any CPU
		{F9C8EAF7-37EF-727C-AAA7-910948FFA18B}.Debug|Any CPU.Build.0 = Debug|Any CPU
		{F9C8EAF7-37EF-727C-AAA7-910948FFA18B}.Release|Any CPU.ActiveCfg = Release|Any CPU
		{F9C8EAF7-37EF-727C-AAA7-910948FFA18B}.Release|Any CPU.Build.0 = Release|Any CPU
		{DA3C2EE7-9734-9521-2BB5-3164BAD36639}.Debug|Any CPU.ActiveCfg = Debug|Any CPU
		{DA3C2EE7-9734-9521-2BB5-3164BAD36639}.Debug|Any CPU.Build.0 = Debug|Any CPU
		{DA3C2EE7-9734-9521-2BB5-3164BAD36639}.Release|Any CPU.ActiveCfg = Release|Any CPU
		{DA3C2EE7-9734-9521-2BB5-3164BAD36639}.Release|Any CPU.Build.0 = Release|Any CPU
		{A9469060-3766-856A-151F-7729D072E028}.Debug|Any CPU.ActiveCfg = Debug|Any CPU
		{A9469060-3766-856A-151F-7729D072E028}.Debug|Any CPU.Build.0 = Debug|Any CPU
		{A9469060-3766-856A-151F-7729D072E028}.Release|Any CPU.ActiveCfg = Release|Any CPU
		{A9469060-3766-856A-151F-7729D072E028}.Release|Any CPU.Build.0 = Release|Any CPU
	EndGlobalSection
	GlobalSection(SolutionProperties) = preSolution
		HideSolutionNode = FALSE
	EndGlobalSection
EndGlobal
