
Microsoft Visual Studio Solution File, Format Version 11.00
# Visual Studio 2010
Project("{FAE04EC0-301F-11D3-BF4B-00C04F79EFBC}") = "Unity.Timeline", "Unity.Timeline.csproj", "{f8ad1dfc-a6e2-6141-d827-0a6c0794c294}"
EndProject
Project("{FAE04EC0-301F-11D3-BF4B-00C04F79EFBC}") = "Unity.Timeline.Editor", "Unity.Timeline.Editor.csproj", "{7945aec3-8a23-ed23-6fa1-095a5623b194}"
EndProject
Project("{FAE04EC0-301F-11D3-BF4B-00C04F79EFBC}") = "Unity.PlasticSCM.Editor", "Unity.PlasticSCM.Editor.csproj", "{e62b2eef-4ebc-e1f0-f4d8-8f68e0765fe1}"
EndProject
Project("{FAE04EC0-301F-11D3-BF4B-00C04F79EFBC}") = "Unity.TextMeshPro.Editor", "Unity.TextMeshPro.Editor.csproj", "{389695bc-2c25-9617-7c6d-53fdb431f390}"
EndProject
Project("{FAE04EC0-301F-11D3-BF4B-00C04F79EFBC}") = "Assembly-CSharp-firstpass", "Assembly-CSharp-firstpass.csproj", "{6030e4f1-a045-40a3-79cd-c03501adc83b}"
EndProject
Project("{FAE04EC0-301F-11D3-BF4B-00C04F79EFBC}") = "Unity.VisualScripting.Flow", "Unity.VisualScripting.Flow.csproj", "{932450f0-ad67-c41f-58d5-70e3dffe17e8}"
EndProject
Project("{FAE04EC0-301F-11D3-BF4B-00C04F79EFBC}") = "Unity.VisualScripting.Core", "Unity.VisualScripting.Core.csproj", "{b396ea91-e30d-d13d-3dd3-74464bd7ec25}"
EndProject
Project("{FAE04EC0-301F-11D3-BF4B-00C04F79EFBC}") = "Unity.Mathematics", "Unity.Mathematics.csproj", "{81f3556e-e1b3-c5cc-7d92-4d9e797e88fc}"
EndProject
Project("{FAE04EC0-301F-11D3-BF4B-00C04F79EFBC}") = "Cinemachine", "Cinemachine.csproj", "{48f12c06-1c2f-2b96-7786-9883180e078d}"
EndProject
Project("{FAE04EC0-301F-11D3-BF4B-00C04F79EFBC}") = "Unity.VisualScripting.Core.Editor", "Unity.VisualScripting.Core.Editor.csproj", "{5a306ecf-cd67-e455-7f3f-eb609442f539}"
EndProject
Project("{FAE04EC0-301F-11D3-BF4B-00C04F79EFBC}") = "Unity.VisualScripting.Flow.Editor", "Unity.VisualScripting.Flow.Editor.csproj", "{3b43b5c8-bb10-f13b-a3cf-439986dda44c}"
EndProject
Project("{FAE04EC0-301F-11D3-BF4B-00C04F79EFBC}") = "UnityEditor.TestRunner", "UnityEditor.TestRunner.csproj", "{70094a73-72fb-12c7-0239-c1f6df87e7a2}"
EndProject
Project("{FAE04EC0-301F-11D3-BF4B-00C04F79EFBC}") = "Unity.VisualScripting.SettingsProvider.Editor", "Unity.VisualScripting.SettingsProvider.Editor.csproj", "{cb1aa5a4-8fc4-6388-b556-088c4af3cf4a}"
EndProject
Project("{FAE04EC0-301F-11D3-BF4B-00C04F79EFBC}") = "UnityEngine.TestRunner", "UnityEngine.TestRunner.csproj", "{98086494-25ee-58c7-2b03-0ebfc01b95a7}"
EndProject
Project("{FAE04EC0-301F-11D3-BF4B-00C04F79EFBC}") = "Unity.Searcher.Editor", "Unity.Searcher.Editor.csproj", "{9e758988-9629-bc55-5e8a-ad87da796300}"
EndProject
Project("{FAE04EC0-301F-11D3-BF4B-00C04F79EFBC}") = "Unity.Burst", "Unity.Burst.csproj", "{d1a60a9a-ac5d-7670-ab08-8fabce7af8eb}"
EndProject
Project("{FAE04EC0-301F-11D3-BF4B-00C04F79EFBC}") = "Unity.VisualStudio.Editor", "Unity.VisualStudio.Editor.csproj", "{45e67b60-1947-d7f7-601e-4bc4d5affece}"
EndProject
Project("{FAE04EC0-301F-11D3-BF4B-00C04F79EFBC}") = "com.unity.cinemachine.editor", "com.unity.cinemachine.editor.csproj", "{02863fc5-be66-2595-53a8-2eb7b83419c5}"
EndProject
Project("{FAE04EC0-301F-11D3-BF4B-00C04F79EFBC}") = "Assembly-CSharp", "Assembly-CSharp.csproj", "{89342010-58d9-eecc-2bca-f004aacc1beb}"
EndProject
Project("{FAE04EC0-301F-11D3-BF4B-00C04F79EFBC}") = "Unity.TestTools.CodeCoverage.Editor.OpenCover.Model", "Unity.TestTools.CodeCoverage.Editor.OpenCover.Model.csproj", "{be264eb1-2390-46a8-96f3-009d55ff8562}"
EndProject
Project("{FAE04EC0-301F-11D3-BF4B-00C04F79EFBC}") = "Unity.Rider.Editor", "Unity.Rider.Editor.csproj", "{664bb483-5f1c-7820-48b3-5f08736af300}"
EndProject
Project("{FAE04EC0-301F-11D3-BF4B-00C04F79EFBC}") = "Unity.Postprocessing.Runtime", "Unity.Postprocessing.Runtime.csproj", "{010dfbef-285b-0b66-5d5c-9d874d3c9e79}"
EndProject
Project("{FAE04EC0-301F-11D3-BF4B-00C04F79EFBC}") = "Assembly-CSharp-Editor-firstpass", "Assembly-CSharp-Editor-firstpass.csproj", "{a84267c8-23ee-f878-e27a-627d526922e6}"
EndProject
Project("{FAE04EC0-301F-11D3-BF4B-00C04F79EFBC}") = "Unity.VisualScripting.State.Editor", "Unity.VisualScripting.State.Editor.csproj", "{9ffa70e5-f2fc-90b5-d0cb-5329b47f66f2}"
EndProject
Project("{FAE04EC0-301F-11D3-BF4B-00C04F79EFBC}") = "Unity.TestTools.CodeCoverage.Editor", "Unity.TestTools.CodeCoverage.Editor.csproj", "{460065de-3292-3d7a-bb37-8e6b0490461f}"
EndProject
Project("{FAE04EC0-301F-11D3-BF4B-00C04F79EFBC}") = "Unity.Burst.CodeGen", "Unity.Burst.CodeGen.csproj", "{14613fbd-62c6-198e-0896-d32aec12326f}"
EndProject
Project("{FAE04EC0-301F-11D3-BF4B-00C04F79EFBC}") = "Unity.Postprocessing.Editor", "Unity.Postprocessing.Editor.csproj", "{0432062e-43d0-a165-029d-8af2d1328e5d}"
EndProject
Project("{FAE04EC0-301F-11D3-BF4B-00C04F79EFBC}") = "Unity.VisualScripting.State", "Unity.VisualScripting.State.csproj", "{450fc4ec-44fe-b493-f99f-ae58fe8bc08a}"
EndProject
Project("{FAE04EC0-301F-11D3-BF4B-00C04F79EFBC}") = "Unity.TextMeshPro", "Unity.TextMeshPro.csproj", "{4eb604e9-d2fb-f333-5693-bd786ed8cd31}"
EndProject
Project("{FAE04EC0-301F-11D3-BF4B-00C04F79EFBC}") = "Unity.Performance.Profile-Analyzer.Editor", "Unity.Performance.Profile-Analyzer.Editor.csproj", "{a383836f-1b2d-0d4c-583a-a2b0ee59efa1}"
EndProject
Project("{FAE04EC0-301F-11D3-BF4B-00C04F79EFBC}") = "Unity.VSCode.Editor", "Unity.VSCode.Editor.csproj", "{5d79c233-0300-66b4-eb9e-31b7d3062ad1}"
EndProject
Project("{FAE04EC0-301F-11D3-BF4B-00C04F79EFBC}") = "Unity.Burst.Editor", "Unity.Burst.Editor.csproj", "{53dae651-fefe-70fb-01b4-70a432e8d689}"
EndProject
Project("{FAE04EC0-301F-11D3-BF4B-00C04F79EFBC}") = "Unity.TestTools.CodeCoverage.Editor.OpenCover.Mono.Reflection", "Unity.TestTools.CodeCoverage.Editor.OpenCover.Mono.Reflection.csproj", "{a888a47b-a2f5-d0a5-0dcd-012babdea131}"
EndProject
Project("{FAE04EC0-301F-11D3-BF4B-00C04F79EFBC}") = "Unity.Settings.Editor", "Unity.Settings.Editor.csproj", "{b5e1d2db-2f03-10aa-1129-94194855aaa9}"
EndProject
Project("{FAE04EC0-301F-11D3-BF4B-00C04F79EFBC}") = "Unity.EditorCoroutines.Editor", "Unity.EditorCoroutines.Editor.csproj", "{eab6f44f-5100-d9c5-82c5-e3a980cd721c}"
EndProject
Project("{FAE04EC0-301F-11D3-BF4B-00C04F79EFBC}") = "Unity.CollabProxy.Editor", "Unity.CollabProxy.Editor.csproj", "{383c2aa4-35bb-175c-3721-b08ebd3970a9}"
EndProject
Project("{FAE04EC0-301F-11D3-BF4B-00C04F79EFBC}") = "Unity.Mathematics.Editor", "Unity.Mathematics.Editor.csproj", "{87909bd7-3a27-ea0c-5237-07f575a33dff}"
EndProject
Project("{FAE04EC0-301F-11D3-BF4B-00C04F79EFBC}") = "Unity.VisualScripting.Shared.Editor", "Unity.VisualScripting.Shared.Editor.csproj", "{931c3dfd-821f-0097-5f3e-68eff36d8540}"
EndProject
Project("{FAE04EC0-301F-11D3-BF4B-00C04F79EFBC}") = "Unity.PlasticSCM.Editor.Entities", "Unity.PlasticSCM.Editor.Entities.csproj", "{2ea470ef-3b5a-ebd9-02e5-e156fbd80d82}"
EndProject
Project("{FAE04EC0-301F-11D3-BF4B-00C04F79EFBC}") = "Assembly-CSharp-Editor", "Assembly-CSharp-Editor.csproj", "{52a379f6-53c6-cbc2-edb7-698c82943899}"
EndProject
Project("{FAE04EC0-301F-11D3-BF4B-00C04F79EFBC}") = "Unity.Mathematics.Tests", "Unity.Mathematics.Tests.csproj", "{984e6d5c-8bcf-0abd-0227-e12f5f121d88}"
EndProject
Project("{FAE04EC0-301F-11D3-BF4B-00C04F79EFBC}") = "Unity.Searcher.EditorTests", "Unity.Searcher.EditorTests.csproj", "{32c08fc0-06e6-a73c-c41a-d492f17124e2}"
EndProject
Project("{FAE04EC0-301F-11D3-BF4B-00C04F79EFBC}") = "Unity.Postprocessing.Runtime.Tests", "Unity.Postprocessing.Runtime.Tests.csproj", "{0e39db47-55da-6352-fa06-f3908e6b73b0}"
EndProject
Project("{FAE04EC0-301F-11D3-BF4B-00C04F79EFBC}") = "Unity.TestTools.CodeCoverage.Editor.Compatibility", "Unity.TestTools.CodeCoverage.Editor.Compatibility.csproj", "{3a5736e4-bf9e-c881-319f-b25b7d4565ba}"
EndProject
Project("{FAE04EC0-301F-11D3-BF4B-00C04F79EFBC}") = "Unity.TextMeshPro.Editor.Tests", "Unity.TextMeshPro.Editor.Tests.csproj", "{f9abb726-8553-4476-8264-0325feb63394}"
EndProject
Project("{FAE04EC0-301F-11D3-BF4B-00C04F79EFBC}") = "DocCodeExamples", "DocCodeExamples.csproj", "{21b0e8f7-072f-6bea-7101-9e618ed9e70a}"
EndProject
Project("{FAE04EC0-301F-11D3-BF4B-00C04F79EFBC}") = "Cinemachine.Editor.Tests", "Cinemachine.Editor.Tests.csproj", "{f481aa3d-b031-74fb-55a1-34137700aaba}"
EndProject
Project("{FAE04EC0-301F-11D3-BF4B-00C04F79EFBC}") = "Unity.Performance.Profile-Analyzer.EditorTests", "Unity.Performance.Profile-Analyzer.EditorTests.csproj", "{4a23c678-d740-8b4f-93fb-bbfeed693746}"
EndProject
Project("{FAE04EC0-301F-11D3-BF4B-00C04F79EFBC}") = "Unity.Settings.Tests", "Unity.Settings.Tests.csproj", "{ab8ccac4-1d6b-17e0-b56d-1adaa1651978}"
EndProject
Project("{FAE04EC0-301F-11D3-BF4B-00C04F79EFBC}") = "Cinemachine.Runtime.Tests", "Cinemachine.Runtime.Tests.csproj", "{2f5545e7-d2b2-cc25-52b9-8e3dfdfb1b64}"
EndProject
Project("{FAE04EC0-301F-11D3-BF4B-00C04F79EFBC}") = "Unity.TextMeshPro.Tests", "Unity.TextMeshPro.Tests.csproj", "{f2e21992-7864-654c-4606-104e64fbdc31}"
EndProject
Project("{FAE04EC0-301F-11D3-BF4B-00C04F79EFBC}") = "Unity.Postprocessing.Editor.Tests", "Unity.Postprocessing.Editor.Tests.csproj", "{fafec532-9f20-828f-e0d0-90172a7644e7}"
EndProject
Global
	GlobalSection(SolutionConfigurationPlatforms) = preSolution
		Debug|Any CPU = Debug|Any CPU
	EndGlobalSection
	GlobalSection(ProjectConfigurationPlatforms) = postSolution
		{f8ad1dfc-a6e2-6141-d827-0a6c0794c294}.Debug|Any CPU.ActiveCfg = Debug|Any CPU
		{f8ad1dfc-a6e2-6141-d827-0a6c0794c294}.Debug|Any CPU.Build.0 = Debug|Any CPU
		{7945aec3-8a23-ed23-6fa1-095a5623b194}.Debug|Any CPU.ActiveCfg = Debug|Any CPU
		{7945aec3-8a23-ed23-6fa1-095a5623b194}.Debug|Any CPU.Build.0 = Debug|Any CPU
		{e62b2eef-4ebc-e1f0-f4d8-8f68e0765fe1}.Debug|Any CPU.ActiveCfg = Debug|Any CPU
		{e62b2eef-4ebc-e1f0-f4d8-8f68e0765fe1}.Debug|Any CPU.Build.0 = Debug|Any CPU
		{389695bc-2c25-9617-7c6d-53fdb431f390}.Debug|Any CPU.ActiveCfg = Debug|Any CPU
		{389695bc-2c25-9617-7c6d-53fdb431f390}.Debug|Any CPU.Build.0 = Debug|Any CPU
		{6030e4f1-a045-40a3-79cd-c03501adc83b}.Debug|Any CPU.ActiveCfg = Debug|Any CPU
		{6030e4f1-a045-40a3-79cd-c03501adc83b}.Debug|Any CPU.Build.0 = Debug|Any CPU
		{932450f0-ad67-c41f-58d5-70e3dffe17e8}.Debug|Any CPU.ActiveCfg = Debug|Any CPU
		{932450f0-ad67-c41f-58d5-70e3dffe17e8}.Debug|Any CPU.Build.0 = Debug|Any CPU
		{b396ea91-e30d-d13d-3dd3-74464bd7ec25}.Debug|Any CPU.ActiveCfg = Debug|Any CPU
		{b396ea91-e30d-d13d-3dd3-74464bd7ec25}.Debug|Any CPU.Build.0 = Debug|Any CPU
		{81f3556e-e1b3-c5cc-7d92-4d9e797e88fc}.Debug|Any CPU.ActiveCfg = Debug|Any CPU
		{81f3556e-e1b3-c5cc-7d92-4d9e797e88fc}.Debug|Any CPU.Build.0 = Debug|Any CPU
		{48f12c06-1c2f-2b96-7786-9883180e078d}.Debug|Any CPU.ActiveCfg = Debug|Any CPU
		{48f12c06-1c2f-2b96-7786-9883180e078d}.Debug|Any CPU.Build.0 = Debug|Any CPU
		{5a306ecf-cd67-e455-7f3f-eb609442f539}.Debug|Any CPU.ActiveCfg = Debug|Any CPU
		{5a306ecf-cd67-e455-7f3f-eb609442f539}.Debug|Any CPU.Build.0 = Debug|Any CPU
		{3b43b5c8-bb10-f13b-a3cf-439986dda44c}.Debug|Any CPU.ActiveCfg = Debug|Any CPU
		{3b43b5c8-bb10-f13b-a3cf-439986dda44c}.Debug|Any CPU.Build.0 = Debug|Any CPU
		{70094a73-72fb-12c7-0239-c1f6df87e7a2}.Debug|Any CPU.ActiveCfg = Debug|Any CPU
		{70094a73-72fb-12c7-0239-c1f6df87e7a2}.Debug|Any CPU.Build.0 = Debug|Any CPU
		{cb1aa5a4-8fc4-6388-b556-088c4af3cf4a}.Debug|Any CPU.ActiveCfg = Debug|Any CPU
		{cb1aa5a4-8fc4-6388-b556-088c4af3cf4a}.Debug|Any CPU.Build.0 = Debug|Any CPU
		{98086494-25ee-58c7-2b03-0ebfc01b95a7}.Debug|Any CPU.ActiveCfg = Debug|Any CPU
		{98086494-25ee-58c7-2b03-0ebfc01b95a7}.Debug|Any CPU.Build.0 = Debug|Any CPU
		{9e758988-9629-bc55-5e8a-ad87da796300}.Debug|Any CPU.ActiveCfg = Debug|Any CPU
		{9e758988-9629-bc55-5e8a-ad87da796300}.Debug|Any CPU.Build.0 = Debug|Any CPU
		{d1a60a9a-ac5d-7670-ab08-8fabce7af8eb}.Debug|Any CPU.ActiveCfg = Debug|Any CPU
		{d1a60a9a-ac5d-7670-ab08-8fabce7af8eb}.Debug|Any CPU.Build.0 = Debug|Any CPU
		{45e67b60-1947-d7f7-601e-4bc4d5affece}.Debug|Any CPU.ActiveCfg = Debug|Any CPU
		{45e67b60-1947-d7f7-601e-4bc4d5affece}.Debug|Any CPU.Build.0 = Debug|Any CPU
		{02863fc5-be66-2595-53a8-2eb7b83419c5}.Debug|Any CPU.ActiveCfg = Debug|Any CPU
		{02863fc5-be66-2595-53a8-2eb7b83419c5}.Debug|Any CPU.Build.0 = Debug|Any CPU
		{89342010-58d9-eecc-2bca-f004aacc1beb}.Debug|Any CPU.ActiveCfg = Debug|Any CPU
		{89342010-58d9-eecc-2bca-f004aacc1beb}.Debug|Any CPU.Build.0 = Debug|Any CPU
		{be264eb1-2390-46a8-96f3-009d55ff8562}.Debug|Any CPU.ActiveCfg = Debug|Any CPU
		{be264eb1-2390-46a8-96f3-009d55ff8562}.Debug|Any CPU.Build.0 = Debug|Any CPU
		{664bb483-5f1c-7820-48b3-5f08736af300}.Debug|Any CPU.ActiveCfg = Debug|Any CPU
		{664bb483-5f1c-7820-48b3-5f08736af300}.Debug|Any CPU.Build.0 = Debug|Any CPU
		{010dfbef-285b-0b66-5d5c-9d874d3c9e79}.Debug|Any CPU.ActiveCfg = Debug|Any CPU
		{010dfbef-285b-0b66-5d5c-9d874d3c9e79}.Debug|Any CPU.Build.0 = Debug|Any CPU
		{a84267c8-23ee-f878-e27a-627d526922e6}.Debug|Any CPU.ActiveCfg = Debug|Any CPU
		{a84267c8-23ee-f878-e27a-627d526922e6}.Debug|Any CPU.Build.0 = Debug|Any CPU
		{9ffa70e5-f2fc-90b5-d0cb-5329b47f66f2}.Debug|Any CPU.ActiveCfg = Debug|Any CPU
		{9ffa70e5-f2fc-90b5-d0cb-5329b47f66f2}.Debug|Any CPU.Build.0 = Debug|Any CPU
		{460065de-3292-3d7a-bb37-8e6b0490461f}.Debug|Any CPU.ActiveCfg = Debug|Any CPU
		{460065de-3292-3d7a-bb37-8e6b0490461f}.Debug|Any CPU.Build.0 = Debug|Any CPU
		{14613fbd-62c6-198e-0896-d32aec12326f}.Debug|Any CPU.ActiveCfg = Debug|Any CPU
		{14613fbd-62c6-198e-0896-d32aec12326f}.Debug|Any CPU.Build.0 = Debug|Any CPU
		{0432062e-43d0-a165-029d-8af2d1328e5d}.Debug|Any CPU.ActiveCfg = Debug|Any CPU
		{0432062e-43d0-a165-029d-8af2d1328e5d}.Debug|Any CPU.Build.0 = Debug|Any CPU
		{450fc4ec-44fe-b493-f99f-ae58fe8bc08a}.Debug|Any CPU.ActiveCfg = Debug|Any CPU
		{450fc4ec-44fe-b493-f99f-ae58fe8bc08a}.Debug|Any CPU.Build.0 = Debug|Any CPU
		{4eb604e9-d2fb-f333-5693-bd786ed8cd31}.Debug|Any CPU.ActiveCfg = Debug|Any CPU
		{4eb604e9-d2fb-f333-5693-bd786ed8cd31}.Debug|Any CPU.Build.0 = Debug|Any CPU
		{a383836f-1b2d-0d4c-583a-a2b0ee59efa1}.Debug|Any CPU.ActiveCfg = Debug|Any CPU
		{a383836f-1b2d-0d4c-583a-a2b0ee59efa1}.Debug|Any CPU.Build.0 = Debug|Any CPU
		{5d79c233-0300-66b4-eb9e-31b7d3062ad1}.Debug|Any CPU.ActiveCfg = Debug|Any CPU
		{5d79c233-0300-66b4-eb9e-31b7d3062ad1}.Debug|Any CPU.Build.0 = Debug|Any CPU
		{53dae651-fefe-70fb-01b4-70a432e8d689}.Debug|Any CPU.ActiveCfg = Debug|Any CPU
		{53dae651-fefe-70fb-01b4-70a432e8d689}.Debug|Any CPU.Build.0 = Debug|Any CPU
		{a888a47b-a2f5-d0a5-0dcd-012babdea131}.Debug|Any CPU.ActiveCfg = Debug|Any CPU
		{a888a47b-a2f5-d0a5-0dcd-012babdea131}.Debug|Any CPU.Build.0 = Debug|Any CPU
		{b5e1d2db-2f03-10aa-1129-94194855aaa9}.Debug|Any CPU.ActiveCfg = Debug|Any CPU
		{b5e1d2db-2f03-10aa-1129-94194855aaa9}.Debug|Any CPU.Build.0 = Debug|Any CPU
		{eab6f44f-5100-d9c5-82c5-e3a980cd721c}.Debug|Any CPU.ActiveCfg = Debug|Any CPU
		{eab6f44f-5100-d9c5-82c5-e3a980cd721c}.Debug|Any CPU.Build.0 = Debug|Any CPU
		{383c2aa4-35bb-175c-3721-b08ebd3970a9}.Debug|Any CPU.ActiveCfg = Debug|Any CPU
		{383c2aa4-35bb-175c-3721-b08ebd3970a9}.Debug|Any CPU.Build.0 = Debug|Any CPU
		{87909bd7-3a27-ea0c-5237-07f575a33dff}.Debug|Any CPU.ActiveCfg = Debug|Any CPU
		{87909bd7-3a27-ea0c-5237-07f575a33dff}.Debug|Any CPU.Build.0 = Debug|Any CPU
		{931c3dfd-821f-0097-5f3e-68eff36d8540}.Debug|Any CPU.ActiveCfg = Debug|Any CPU
		{931c3dfd-821f-0097-5f3e-68eff36d8540}.Debug|Any CPU.Build.0 = Debug|Any CPU
		{2ea470ef-3b5a-ebd9-02e5-e156fbd80d82}.Debug|Any CPU.ActiveCfg = Debug|Any CPU
		{2ea470ef-3b5a-ebd9-02e5-e156fbd80d82}.Debug|Any CPU.Build.0 = Debug|Any CPU
		{52a379f6-53c6-cbc2-edb7-698c82943899}.Debug|Any CPU.ActiveCfg = Debug|Any CPU
		{52a379f6-53c6-cbc2-edb7-698c82943899}.Debug|Any CPU.Build.0 = Debug|Any CPU
		{984e6d5c-8bcf-0abd-0227-e12f5f121d88}.Debug|Any CPU.ActiveCfg = Debug|Any CPU
		{984e6d5c-8bcf-0abd-0227-e12f5f121d88}.Debug|Any CPU.Build.0 = Debug|Any CPU
		{32c08fc0-06e6-a73c-c41a-d492f17124e2}.Debug|Any CPU.ActiveCfg = Debug|Any CPU
		{32c08fc0-06e6-a73c-c41a-d492f17124e2}.Debug|Any CPU.Build.0 = Debug|Any CPU
		{0e39db47-55da-6352-fa06-f3908e6b73b0}.Debug|Any CPU.ActiveCfg = Debug|Any CPU
		{0e39db47-55da-6352-fa06-f3908e6b73b0}.Debug|Any CPU.Build.0 = Debug|Any CPU
		{3a5736e4-bf9e-c881-319f-b25b7d4565ba}.Debug|Any CPU.ActiveCfg = Debug|Any CPU
		{3a5736e4-bf9e-c881-319f-b25b7d4565ba}.Debug|Any CPU.Build.0 = Debug|Any CPU
		{f9abb726-8553-4476-8264-0325feb63394}.Debug|Any CPU.ActiveCfg = Debug|Any CPU
		{f9abb726-8553-4476-8264-0325feb63394}.Debug|Any CPU.Build.0 = Debug|Any CPU
		{21b0e8f7-072f-6bea-7101-9e618ed9e70a}.Debug|Any CPU.ActiveCfg = Debug|Any CPU
		{21b0e8f7-072f-6bea-7101-9e618ed9e70a}.Debug|Any CPU.Build.0 = Debug|Any CPU
		{f481aa3d-b031-74fb-55a1-34137700aaba}.Debug|Any CPU.ActiveCfg = Debug|Any CPU
		{f481aa3d-b031-74fb-55a1-34137700aaba}.Debug|Any CPU.Build.0 = Debug|Any CPU
		{4a23c678-d740-8b4f-93fb-bbfeed693746}.Debug|Any CPU.ActiveCfg = Debug|Any CPU
		{4a23c678-d740-8b4f-93fb-bbfeed693746}.Debug|Any CPU.Build.0 = Debug|Any CPU
		{ab8ccac4-1d6b-17e0-b56d-1adaa1651978}.Debug|Any CPU.ActiveCfg = Debug|Any CPU
		{ab8ccac4-1d6b-17e0-b56d-1adaa1651978}.Debug|Any CPU.Build.0 = Debug|Any CPU
		{2f5545e7-d2b2-cc25-52b9-8e3dfdfb1b64}.Debug|Any CPU.ActiveCfg = Debug|Any CPU
		{2f5545e7-d2b2-cc25-52b9-8e3dfdfb1b64}.Debug|Any CPU.Build.0 = Debug|Any CPU
		{f2e21992-7864-654c-4606-104e64fbdc31}.Debug|Any CPU.ActiveCfg = Debug|Any CPU
		{f2e21992-7864-654c-4606-104e64fbdc31}.Debug|Any CPU.Build.0 = Debug|Any CPU
		{fafec532-9f20-828f-e0d0-90172a7644e7}.Debug|Any CPU.ActiveCfg = Debug|Any CPU
		{fafec532-9f20-828f-e0d0-90172a7644e7}.Debug|Any CPU.Build.0 = Debug|Any CPU
	EndGlobalSection
	GlobalSection(SolutionProperties) = preSolution
		HideSolutionNode = FALSE
	EndGlobalSection
EndGlobal
